# This file was autogenerated by Stack.
# You should not edit this file by hand.
# For more information, please see the documentation at:
#   https://docs.haskellstack.org/en/stable/lock_files

packages:
- completed:
    hackage: serverless-haskell-0.9.4@sha256:f952776423af1774139d51fd1d3dc8a0c04f0877a0c927bbef8380e8af2fb8cd,2528
    pantry-tree:
      size: 1614
      sha256: a5c7655a9f951658e96d90bea7e9a92eb5e078443e467ed54fb01b8b9e68459d
  original:
    hackage: serverless-haskell-0.9.4
- completed:
    hackage: amazonka-core-1.6.1@sha256:9bc59ce403c6eeba3b3eaf3f10e5f0b6a33b6edbbf8f6de0dd6f4c67b86fa698,5135
    pantry-tree:
      size: 3438
      sha256: c13e643176308771491ec0e06390e269047bb1b28be4535992842f7426a95eb4
  original:
    hackage: amazonka-core-1.6.1@sha256:9bc59ce403c6eeba3b3eaf3f10e5f0b6a33b6edbbf8f6de0dd6f4c67b86fa698,5135
- completed:
    hackage: amazonka-kinesis-1.6.1@sha256:439479d6d7f4a731a2f1feeb3a4c653d266c11d655cd4085608e157eb524c51b,3998
    pantry-tree:
      size: 6151
      sha256: 093cc250ae84c361bbeb2c3b8974f811f5110b638f89b65c9d51a940e2363331
  original:
    hackage: amazonka-kinesis-1.6.1@sha256:439479d6d7f4a731a2f1feeb3a4c653d266c11d655cd4085608e157eb524c51b,3998
- completed:
    hackage: amazonka-s3-1.6.1@sha256:9d07240fca59ad5197fb614ce3051e701e4951e6d4625a2dab4a9c17a1900194,6317
    pantry-tree:
      size: 18385
      sha256: 5cab233d241615764d9fd6927bc397f02887154450a9932c38c2e17ea86d79bc
  original:
    hackage: amazonka-s3-1.6.1@sha256:9d07240fca59ad5197fb614ce3051e701e4951e6d4625a2dab4a9c17a1900194,6317
- completed:
    hackage: amazonka-dynamodb-1.6.1@sha256:6b8852049c65207a7b3741aafa3e4e6c77cfa115e05de3c74868218ae642b6b0,4459
    pantry-tree:
      size: 8333
      sha256: bd7469b4077272ecf37fe30dcff64c3af0a820b610ca592c172d7fa97d9e6833
  original:
    hackage: amazonka-dynamodb-1.6.1@sha256:6b8852049c65207a7b3741aafa3e4e6c77cfa115e05de3c74868218ae642b6b0,4459
- completed:
    hackage: amazonka-1.6.1@sha256:d863557379350ed6bbb91187abeb8c349a654f60b140d138710486f58ae7c476,3536
    pantry-tree:
      size: 992
      sha256: 55747f9b56063ea1be73a962e1ce44528b9856e119e2d9f1238397b3112b6e70
  original:
    hackage: amazonka-1.6.1@sha256:d863557379350ed6bbb91187abeb8c349a654f60b140d138710486f58ae7c476,3536
- completed:
    hackage: dynamodb-simple-0.6.0.2@sha256:ad0a6f2807119aa1c04b9c63f02e705b698b454606ba8af16947ec9e7f847065,2534
    pantry-tree:
      size: 1449
      sha256: e669f145cc0aa67dee33b8e6a5ccbdd987b850c565281dc5fa31377c2d4dc42a
  original:
    hackage: dynamodb-simple-0.6.0.2@sha256:ad0a6f2807119aa1c04b9c63f02e705b698b454606ba8af16947ec9e7f847065,2534
snapshots:
- completed:
    size: 525662
    url: https://raw.githubusercontent.com/commercialhaskell/stackage-snapshots/master/lts/14/15.yaml
    sha256: c5e673e5723931b64ef2eb5004f6d9ea3c95b58d48388dbc4de6f66b97c81f7a
  original: lts-14.15
